
Microsoft Visual Studio Solution File, Format Version 12.00
# Visual Studio Version 16
VisualStudioVersion = 16.0.29209.62
MinimumVisualStudioVersion = 10.0.40219.1
Project("{888888A0-9F3D-457C-B088-3A5042F75D52}") = "Nested_IfElifElse__PY", "Nested_IfElifElse__PY.pyproj", "{5A59501A-B6CE-4E9C-82B5-6C0AC3681F81}"
EndProject
Global
	GlobalSection(SolutionConfigurationPlatforms) = preSolution
		Debug|Any CPU = Debug|Any CPU
		Release|Any CPU = Release|Any CPU
	EndGlobalSection
	GlobalSection(ProjectConfigurationPlatforms) = postSolution
		{5A59501A-B6CE-4E9C-82B5-6C0AC3681F81}.Debug|Any CPU.ActiveCfg = Debug|Any CPU
		{5A59501A-B6CE-4E9C-82B5-6C0AC3681F81}.Release|Any CPU.ActiveCfg = Release|Any CPU
	EndGlobalSection
	GlobalSection(SolutionProperties) = preSolution
		HideSolutionNode = FALSE
	EndGlobalSection
	GlobalSection(ExtensibilityGlobals) = postSolution
		SolutionGuid = {BDE5F101-825B-4D3D-B940-54B9A85290D1}
	EndGlobalSection
EndGlobal
